
Microsoft Visual Studio Solution File, Format Version 12.00
# Visual Studio Version 17
VisualStudioVersion = 17.4.33122.133
MinimumVisualStudioVersion = 10.0.40219.1
Project("{2150E333-8FDC-42A3-9474-1A3956D46DE8}") = "FrontEnd", "FrontEnd", "{2CCAEEC2-EDDF-467B-BD95-99D81CA212AB}"
EndProject
Project("{2150E333-8FDC-42A3-9474-1A3956D46DE8}") = "Services", "Services", "{D346B503-785A-40EB-A095-DA7350904223}"
EndProject
Project("{9A19103F-16F7-4668-BE54-9A1E7A4F7556}") = "GeekShopping.Web", "GeekShopping.Web\GeekShopping.Web.csproj", "{1FF5DE93-9FC8-4A1E-9751-49B002B0C4B8}"
EndProject
Project("{9A19103F-16F7-4668-BE54-9A1E7A4F7556}") = "GeekShopping.ProductAPI", "GeekShopping.ProductAPI\GeekShopping.ProductAPI.csproj", "{109FC250-4309-433C-BFD7-6EE6E1E6F4BB}"
EndProject
Project("{9A19103F-16F7-4668-BE54-9A1E7A4F7556}") = "IdentityServer", "quickstart\src\IdentityServer\IdentityServer.csproj", "{467E0845-A8FC-4EDD-808D-42B1258BCD12}"
EndProject
Project("{9A19103F-16F7-4668-BE54-9A1E7A4F7556}") = "GeekShopping.CartAPI", "GeekShopping.CartAPI\GeekShopping.CartAPI.csproj", "{E0021367-BDA4-4373-A632-0AF5564E68D2}"
EndProject
Project("{9A19103F-16F7-4668-BE54-9A1E7A4F7556}") = "GeekShopping.CouponAPI", "GeekShopping.CouponAPI\GeekShopping.CouponAPI.csproj", "{10E1CFCD-9468-478D-93AE-A999D299DA55}"
EndProject
Project("{2150E333-8FDC-42A3-9474-1A3956D46DE8}") = "Integration", "Integration", "{678D788A-9383-4CD7-A4EC-66AB5A863753}"
EndProject
Project("{9A19103F-16F7-4668-BE54-9A1E7A4F7556}") = "GeekShopping.MessageBus", "GeekShopping.MessageBus\GeekShopping.MessageBus.csproj", "{C0CC7029-6393-4012-BB6B-F7F202E9C669}"
EndProject
Project("{FAE04EC0-301F-11D3-BF4B-00C04F79EFBC}") = "GeekShopping.OrderAPI", "GeekShopping.OrderAPI\GeekShopping.OrderAPI.csproj", "{A0373E51-33E2-4C0A-A5E4-DA2F74A36DA1}"
EndProject
Global
	GlobalSection(SolutionConfigurationPlatforms) = preSolution
		Debug|Any CPU = Debug|Any CPU
		Release|Any CPU = Release|Any CPU
	EndGlobalSection
	GlobalSection(ProjectConfigurationPlatforms) = postSolution
		{1FF5DE93-9FC8-4A1E-9751-49B002B0C4B8}.Debug|Any CPU.ActiveCfg = Debug|Any CPU
		{1FF5DE93-9FC8-4A1E-9751-49B002B0C4B8}.Debug|Any CPU.Build.0 = Debug|Any CPU
		{1FF5DE93-9FC8-4A1E-9751-49B002B0C4B8}.Release|Any CPU.ActiveCfg = Release|Any CPU
		{1FF5DE93-9FC8-4A1E-9751-49B002B0C4B8}.Release|Any CPU.Build.0 = Release|Any CPU
		{109FC250-4309-433C-BFD7-6EE6E1E6F4BB}.Debug|Any CPU.ActiveCfg = Debug|Any CPU
		{109FC250-4309-433C-BFD7-6EE6E1E6F4BB}.Debug|Any CPU.Build.0 = Debug|Any CPU
		{109FC250-4309-433C-BFD7-6EE6E1E6F4BB}.Release|Any CPU.ActiveCfg = Release|Any CPU
		{109FC250-4309-433C-BFD7-6EE6E1E6F4BB}.Release|Any CPU.Build.0 = Release|Any CPU
		{467E0845-A8FC-4EDD-808D-42B1258BCD12}.Debug|Any CPU.ActiveCfg = Debug|Any CPU
		{467E0845-A8FC-4EDD-808D-42B1258BCD12}.Debug|Any CPU.Build.0 = Debug|Any CPU
		{467E0845-A8FC-4EDD-808D-42B1258BCD12}.Release|Any CPU.ActiveCfg = Release|Any CPU
		{467E0845-A8FC-4EDD-808D-42B1258BCD12}.Release|Any CPU.Build.0 = Release|Any CPU
		{E0021367-BDA4-4373-A632-0AF5564E68D2}.Debug|Any CPU.ActiveCfg = Debug|Any CPU
		{E0021367-BDA4-4373-A632-0AF5564E68D2}.Debug|Any CPU.Build.0 = Debug|Any CPU
		{E0021367-BDA4-4373-A632-0AF5564E68D2}.Release|Any CPU.ActiveCfg = Release|Any CPU
		{E0021367-BDA4-4373-A632-0AF5564E68D2}.Release|Any CPU.Build.0 = Release|Any CPU
		{10E1CFCD-9468-478D-93AE-A999D299DA55}.Debug|Any CPU.ActiveCfg = Debug|Any CPU
		{10E1CFCD-9468-478D-93AE-A999D299DA55}.Debug|Any CPU.Build.0 = Debug|Any CPU
		{10E1CFCD-9468-478D-93AE-A999D299DA55}.Release|Any CPU.ActiveCfg = Release|Any CPU
		{10E1CFCD-9468-478D-93AE-A999D299DA55}.Release|Any CPU.Build.0 = Release|Any CPU
		{C0CC7029-6393-4012-BB6B-F7F202E9C669}.Debug|Any CPU.ActiveCfg = Debug|Any CPU
		{C0CC7029-6393-4012-BB6B-F7F202E9C669}.Debug|Any CPU.Build.0 = Debug|Any CPU
		{C0CC7029-6393-4012-BB6B-F7F202E9C669}.Release|Any CPU.ActiveCfg = Release|Any CPU
		{C0CC7029-6393-4012-BB6B-F7F202E9C669}.Release|Any CPU.Build.0 = Release|Any CPU
		{A0373E51-33E2-4C0A-A5E4-DA2F74A36DA1}.Debug|Any CPU.ActiveCfg = Debug|Any CPU
		{A0373E51-33E2-4C0A-A5E4-DA2F74A36DA1}.Debug|Any CPU.Build.0 = Debug|Any CPU
		{A0373E51-33E2-4C0A-A5E4-DA2F74A36DA1}.Release|Any CPU.ActiveCfg = Release|Any CPU
		{A0373E51-33E2-4C0A-A5E4-DA2F74A36DA1}.Release|Any CPU.Build.0 = Release|Any CPU
	EndGlobalSection
	GlobalSection(SolutionProperties) = preSolution
		HideSolutionNode = FALSE
	EndGlobalSection
	GlobalSection(NestedProjects) = preSolution
		{1FF5DE93-9FC8-4A1E-9751-49B002B0C4B8} = {2CCAEEC2-EDDF-467B-BD95-99D81CA212AB}
		{109FC250-4309-433C-BFD7-6EE6E1E6F4BB} = {D346B503-785A-40EB-A095-DA7350904223}
		{467E0845-A8FC-4EDD-808D-42B1258BCD12} = {D346B503-785A-40EB-A095-DA7350904223}
		{E0021367-BDA4-4373-A632-0AF5564E68D2} = {D346B503-785A-40EB-A095-DA7350904223}
		{10E1CFCD-9468-478D-93AE-A999D299DA55} = {D346B503-785A-40EB-A095-DA7350904223}
		{C0CC7029-6393-4012-BB6B-F7F202E9C669} = {678D788A-9383-4CD7-A4EC-66AB5A863753}
		{A0373E51-33E2-4C0A-A5E4-DA2F74A36DA1} = {D346B503-785A-40EB-A095-DA7350904223}
	EndGlobalSection
	GlobalSection(ExtensibilityGlobals) = postSolution
		SolutionGuid = {92C56D76-B7C6-4865-BBFA-920320A014C2}
	EndGlobalSection
EndGlobal
